{
    "_meta": {
        "hash": {
            "sha256": "9379699377cd2ba97d283c5cc5ef16165c92a511b731e0c5ac8da2b5a13c5c4a"
        },
        "pipfile-spec": 6,
        "requires": {
            "python_version": "3.7"
        },
        "sources": [
            {
                "name": "pypi",
                "url": "https://pypi.org/simple",
                "verify_ssl": true
            }
        ]
    },
    "default": {
        "backtrader": {
            "hashes": [
                "sha256:a373ca2ba14cc86cd8211efa0aa58a73a470664c55e34d72744d29fa2b3db873"
            ],
            "index": "pypi",
            "version": "==1.9.74.123"
        },
        "certifi": {
            "hashes": [
                "sha256:9c5705e395cd70084351dd8ad5c41e65655e08ce46f2ec9cf6c2c08390f71eb7",
                "sha256:f1d53542ee8cbedbe2118b5686372fb33c297fcd6379b050cca0ef13a597382a"
            ],
            "markers": "python_version >= '3.6'",
            "version": "==2022.5.18.1"
        },
        "charset-normalizer": {
            "hashes": [
                "sha256:2857e29ff0d34db842cd7ca3230549d1a697f96ee6d3fb071cfa6c7393832597",
                "sha256:6881edbebdb17b39b4eaaa821b438bf6eddffb4468cf344f09f89def34a8b1df"
            ],
            "markers": "python_version >= '3'",
            "version": "==2.0.12"
        },
        "cycler": {
            "hashes": [
                "sha256:3a27e95f763a428a739d2add979fa7494c912a32c17c4c38c4d5f082cad165a3",
                "sha256:9c87405839a19696e837b3b818fed3f5f69f16f1eec1a1ad77e043dcea9c772f"
            ],
            "markers": "python_version >= '3.6'",
            "version": "==0.11.0"
        },
        "idna": {
            "hashes": [
                "sha256:84d9dd047ffa80596e0f246e2eab0b391788b0503584e8945f2368256d2735ff",
                "sha256:9d643ff0a55b762d5cdb124b8eaa99c66322e2157b69160bc32796e824360e6d"
            ],
            "markers": "python_version >= '3'",
            "version": "==3.3"
        },
        "kiwisolver": {
            "hashes": [
                "sha256:0b7f50a1a25361da3440f07c58cd1d79957c2244209e4f166990e770256b6b0b",
                "sha256:0c380bb5ae20d829c1a5473cfcae64267b73aaa4060adc091f6df1743784aae0",
                "sha256:0d98dca86f77b851350c250f0149aa5852b36572514d20feeadd3c6b1efe38d0",
                "sha256:0e45e780a74416ef2f173189ef4387e44b5494f45e290bcb1f03735faa6779bf",
                "sha256:0e8afdf533b613122e4bbaf3c1e42c2a5e9e2d1dd3a0a017749a7658757cb377",
                "sha256:1008346a7741620ab9cc6c96e8ad9b46f7a74ce839dbb8805ddf6b119d5fc6c2",
                "sha256:1d1078ba770d6165abed3d9a1be1f9e79b61515de1dd00d942fa53bba79f01ae",
                "sha256:1dcade8f6fe12a2bb4efe2cbe22116556e3b6899728d3b2a0d3b367db323eacc",
                "sha256:240009fdf4fa87844f805e23f48995537a8cb8f8c361e35fda6b5ac97fcb906f",
                "sha256:240c2d51d098395c012ddbcb9bd7b3ba5de412a1d11840698859f51d0e643c4f",
                "sha256:262c248c60f22c2b547683ad521e8a3db5909c71f679b93876921549107a0c24",
                "sha256:2e6cda72db409eefad6b021e8a4f964965a629f577812afc7860c69df7bdb84a",
                "sha256:3c032c41ae4c3a321b43a3650e6ecc7406b99ff3e5279f24c9b310f41bc98479",
                "sha256:42f6ef9b640deb6f7d438e0a371aedd8bef6ddfde30683491b2e6f568b4e884e",
                "sha256:484f2a5f0307bc944bc79db235f41048bae4106ffa764168a068d88b644b305d",
                "sha256:69b2d6c12f2ad5f55104a36a356192cfb680c049fe5e7c1f6620fc37f119cdc2",
                "sha256:6e395ece147f0692ca7cdb05a028d31b83b72c369f7b4a2c1798f4b96af1e3d8",
                "sha256:6ece2e12e4b57bc5646b354f436416cd2a6f090c1dadcd92b0ca4542190d7190",
                "sha256:71469b5845b9876b8d3d252e201bef6f47bf7456804d2fbe9a1d6e19e78a1e65",
                "sha256:7f606d91b8a8816be476513a77fd30abe66227039bd6f8b406c348cb0247dcc9",
                "sha256:7f88c4b8e449908eeddb3bbd4242bd4dc2c7a15a7aa44bb33df893203f02dc2d",
                "sha256:81237957b15469ea9151ec8ca08ce05656090ffabc476a752ef5ad7e2644c526",
                "sha256:89b57c2984f4464840e4b768affeff6b6809c6150d1166938ade3e22fbe22db8",
                "sha256:8a830a03970c462d1a2311c90e05679da56d3bd8e78a4ba9985cb78ef7836c9f",
                "sha256:8ae5a071185f1a93777c79a9a1e67ac46544d4607f18d07131eece08d415083a",
                "sha256:8b6086aa6936865962b2cee0e7aaecf01ab6778ce099288354a7229b4d9f1408",
                "sha256:8ec2e55bf31b43aabe32089125dca3b46fdfe9f50afbf0756ae11e14c97b80ca",
                "sha256:8ff3033e43e7ca1389ee59fb7ecb8303abb8713c008a1da49b00869e92e3dd7c",
                "sha256:91eb4916271655dfe3a952249cb37a5c00b6ba68b4417ee15af9ba549b5ba61d",
                "sha256:9d2bb56309fb75a811d81ed55fbe2208aa77a3a09ff5f546ca95e7bb5fac6eff",
                "sha256:a4e8f072db1d6fb7a7cc05a6dbef8442c93001f4bb604f1081d8c2db3ca97159",
                "sha256:b1605c7c38cc6a85212dfd6a641f3905a33412e49f7c003f35f9ac6d71f67720",
                "sha256:b3e251e5c38ac623c5d786adb21477f018712f8c6fa54781bd38aa1c60b60fc2",
                "sha256:b978afdb913ca953cf128d57181da2e8798e8b6153be866ae2a9c446c6162f40",
                "sha256:be9a650890fb60393e60aacb65878c4a38bb334720aa5ecb1c13d0dac54dd73b",
                "sha256:c222f91a45da9e01a9bc4f760727ae49050f8e8345c4ff6525495f7a164c8973",
                "sha256:c839bf28e45d7ddad4ae8f986928dbf5a6d42ff79760d54ec8ada8fb263e097c",
                "sha256:cbb5eb4a2ea1ffec26268d49766cafa8f957fe5c1b41ad00733763fae77f9436",
                "sha256:e348f1904a4fab4153407f7ccc27e43b2a139752e8acf12e6640ba683093dd96",
                "sha256:e677cc3626287f343de751e11b1e8a5b915a6ac897e8aecdbc996cd34de753a0",
                "sha256:f74f2a13af201559e3d32b9ddfc303c94ae63d63d7f4326d06ce6fe67e7a8255",
                "sha256:fa4d97d7d2b2c082e67907c0b8d9f31b85aa5d3ba0d33096b7116f03f8061261",
                "sha256:ffbdb9a96c536f0405895b5e21ee39ec579cb0ed97bdbd169ae2b55f41d73219"
            ],
            "markers": "python_version >= '3.7'",
            "version": "==1.4.2"
        },
        "matplotlib": {
            "hashes": [
                "sha256:1febd22afe1489b13c6749ea059d392c03261b2950d1d45c17e3aed812080c93",
                "sha256:31a30d03f39528c79f3a592857be62a08595dec4ac034978ecd0f814fa0eec2d",
                "sha256:4442ce720907f67a79d45de9ada47be81ce17e6c2f448b3c64765af93f6829c9",
                "sha256:796edbd1182cbffa7e1e7a97f1e141f875a8501ba8dd834269ae3cd45a8c976f",
                "sha256:934e6243df7165aad097572abf5b6003c77c9b6c480c3c4de6f2ef1b5fdd4ec0",
                "sha256:bab9d848dbf1517bc58d1f486772e99919b19efef5dd8596d4b26f9f5ee08b6b",
                "sha256:c1fe1e6cdaa53f11f088b7470c2056c0df7d80ee4858dadf6cbe433fcba4323b",
                "sha256:e5b8aeca9276a3a988caebe9f08366ed519fff98f77c6df5b64d7603d0e42e36",
                "sha256:ec6bd0a6a58df3628ff269978f4a4b924a0d371ad8ce1f8e2b635b99e482877a"
            ],
            "index": "pypi",
            "version": "==3.1.1"
        },
        "numpy": {
            "hashes": [
                "sha256:1dbe1c91269f880e364526649a52eff93ac30035507ae980d2fed33aaee633ac",
                "sha256:357768c2e4451ac241465157a3e929b265dfac85d9214074985b1786244f2ef3",
                "sha256:3820724272f9913b597ccd13a467cc492a0da6b05df26ea09e78b171a0bb9da6",
                "sha256:4391bd07606be175aafd267ef9bea87cf1b8210c787666ce82073b05f202add1",
                "sha256:4aa48afdce4660b0076a00d80afa54e8a97cd49f457d68a4342d188a09451c1a",
                "sha256:58459d3bad03343ac4b1b42ed14d571b8743dc80ccbf27444f266729df1d6f5b",
                "sha256:5c3c8def4230e1b959671eb959083661b4a0d2e9af93ee339c7dada6759a9470",
                "sha256:5f30427731561ce75d7048ac254dbe47a2ba576229250fb60f0fb74db96501a1",
                "sha256:643843bcc1c50526b3a71cd2ee561cf0d8773f062c8cbaf9ffac9fdf573f83ab",
                "sha256:67c261d6c0a9981820c3a149d255a76918278a6b03b6a036800359aba1256d46",
                "sha256:67f21981ba2f9d7ba9ade60c9e8cbaa8cf8e9ae51673934480e45cf55e953673",
                "sha256:6aaf96c7f8cebc220cdfc03f1d5a31952f027dda050e5a703a0d1c396075e3e7",
                "sha256:7c4068a8c44014b2d55f3c3f574c376b2494ca9cc73d2f1bd692382b6dffe3db",
                "sha256:7c7e5fa88d9ff656e067876e4736379cc962d185d5cd808014a8a928d529ef4e",
                "sha256:7f5ae4f304257569ef3b948810816bc87c9146e8c446053539947eedeaa32786",
                "sha256:82691fda7c3f77c90e62da69ae60b5ac08e87e775b09813559f8901a88266552",
                "sha256:8737609c3bbdd48e380d463134a35ffad3b22dc56295eff6f79fd85bd0eeeb25",
                "sha256:9f411b2c3f3d76bba0865b35a425157c5dcf54937f82bbeb3d3c180789dd66a6",
                "sha256:a6be4cb0ef3b8c9250c19cc122267263093eee7edd4e3fa75395dfda8c17a8e2",
                "sha256:bcb238c9c96c00d3085b264e5c1a1207672577b93fa666c3b14a45240b14123a",
                "sha256:bf2ec4b75d0e9356edea834d1de42b31fe11f726a81dfb2c2112bc1eaa508fcf",
                "sha256:d136337ae3cc69aa5e447e78d8e1514be8c3ec9b54264e680cf0b4bd9011574f",
                "sha256:d4bf4d43077db55589ffc9009c0ba0a94fa4908b9586d6ccce2e0b164c86303c",
                "sha256:d6a96eef20f639e6a97d23e57dd0c1b1069a7b4fd7027482a4c5c451cd7732f4",
                "sha256:d9caa9d5e682102453d96a0ee10c7241b72859b01a941a397fd965f23b3e016b",
                "sha256:dd1c8f6bd65d07d3810b90d02eba7997e32abbdf1277a481d698969e921a3be0",
                "sha256:e31f0bb5928b793169b87e3d1e070f2342b22d5245c755e2b81caa29756246c3",
                "sha256:ecb55251139706669fdec2ff073c98ef8e9a84473e51e716211b41aa0f18e656",
                "sha256:ee5ec40fdd06d62fe5d4084bef4fd50fd4bb6bfd2bf519365f569dc470163ab0",
                "sha256:f17e562de9edf691a42ddb1eb4a5541c20dd3f9e65b09ded2beb0799c0cf29bb",
                "sha256:fdffbfb6832cd0b300995a2b08b8f6fa9f6e856d562800fea9182316d99c4e8e"
            ],
            "markers": "python_version < '3.11' and python_version >= '3.7'",
            "version": "==1.21.6"
        },
        "pyparsing": {
            "hashes": [
                "sha256:2b020ecf7d21b687f219b71ecad3631f644a47f01403fa1d1036b0c6416d70fb",
                "sha256:5026bae9a10eeaefb61dab2f09052b9f4307d44aee4eda64b309723d8d206bbc"
            ],
            "markers": "python_full_version >= '3.6.8'",
            "version": "==3.0.9"
        },
        "python-dateutil": {
            "hashes": [
                "sha256:0123cacc1627ae19ddf3c27a5de5bd67ee4586fbdd6440d9748f8abb483d3e86",
                "sha256:961d03dc3453ebbc59dbdea9e4e11c5651520a876d0f4db161e8674aae935da9"
            ],
            "markers": "python_version >= '2.7' and python_version not in '3.0, 3.1, 3.2, 3.3'",
            "version": "==2.8.2"
        },
        "pyyaml": {
            "hashes": [
                "sha256:0113bc0ec2ad727182326b61326afa3d1d8280ae1122493553fd6f4397f33df9",
                "sha256:01adf0b6c6f61bd11af6e10ca52b7d4057dd0be0343eb9283c878cf3af56aee4",
                "sha256:5124373960b0b3f4aa7df1707e63e9f109b5263eca5976c66e08b1c552d4eaf8",
                "sha256:5ca4f10adbddae56d824b2c09668e91219bb178a1eee1faa56af6f99f11bf696",
                "sha256:7907be34ffa3c5a32b60b95f4d95ea25361c951383a894fec31be7252b2b6f34",
                "sha256:7ec9b2a4ed5cad025c2278a1e6a19c011c80a3caaac804fd2d329e9cc2c287c9",
                "sha256:87ae4c829bb25b9fe99cf71fbb2140c448f534e24c998cc60f39ae4f94396a73",
                "sha256:9de9919becc9cc2ff03637872a440195ac4241c80536632fffeb6a1e25a74299",
                "sha256:a5a85b10e450c66b49f98846937e8cfca1db3127a9d5d1e31ca45c3d0bef4c5b",
                "sha256:b0997827b4f6a7c286c01c5f60384d218dca4ed7d9efa945c3e1aa623d5709ae",
                "sha256:b631ef96d3222e62861443cc89d6563ba3eeb816eeb96b2629345ab795e53681",
                "sha256:bf47c0607522fdbca6c9e817a6e81b08491de50f3766a7a0e6a5be7905961b41",
                "sha256:f81025eddd0327c7d4cfe9b62cf33190e1e736cc6e97502b3ec425f574b3e7a8"
            ],
            "index": "pypi",
            "version": "==5.1.2"
        },
        "requests": {
            "hashes": [
                "sha256:68d7c56fd5a8999887728ef304a6d12edc7be74f1cfa47714fc8b414525c9a61",
                "sha256:f22fa1e554c9ddfd16e6e41ac79759e17be9e492b3587efa038054674760e72d"
            ],
            "markers": "python_version >= '2.7' and python_version not in '3.0, 3.1, 3.2, 3.3, 3.4, 3.5'",
            "version": "==2.27.1"
        },
        "six": {
            "hashes": [
                "sha256:1e61c37477a1626458e36f7b1d82aa5c9b094fa4802892072e49de9c60c4c926",
                "sha256:8abb2f1d86890a2dfb989f9a77cfcfd3e47c2a354b01111771326f8aa26e0254"
            ],
            "markers": "python_version >= '2.7' and python_version not in '3.0, 3.1, 3.2, 3.3'",
            "version": "==1.16.0"
        },
        "typing-extensions": {
            "hashes": [
                "sha256:6657594ee297170d19f67d55c05852a874e7eb634f4f753dbd667855e07c1708",
                "sha256:f1c24655a0da0d1b67f07e17a5e6b2a105894e6824b92096378bb3668ef02376"
            ],
            "markers": "python_version < '3.8'",
            "version": "==4.2.0"
        },
        "ujson": {
            "hashes": [
                "sha256:04a8c388b2d16316df3365c81f368955662581f6a4ff033e9aba2dd1ffc9e05e",
                "sha256:080da13f81740c076e5f16c254a10d0e32f45d225a5e6b0687a86493cfcfbafb",
                "sha256:0b47a138203bb06bdac03b2a89ac9b2993fd32cb7daded06c966dd84300a5786",
                "sha256:102b8eb5e15e6c5537426414d180c28dbf0489e51f7c22b706511ac84aae4458",
                "sha256:11f735870f189bff1841c720115226894415ab6a7796dee8ab46bc767ea2e743",
                "sha256:163191b88842d874e081707d35de2e205e0e396e70fd068d1038879bca8b17ad",
                "sha256:25522c674b35c33f375586ac98d92ce731e79059424507ecbccbfcbce832d597",
                "sha256:27a254a150e46980608b16ef3b609e703173492cfa738f4644c81d7e7d77494c",
                "sha256:2c04456de1fc92cc7062904c176c74e6ea220469b949508be42e819646a28457",
                "sha256:2c7712da662b92f80442a8efc0df09cea3a5efb42b0dd6a642e36b1b40a260d4",
                "sha256:350a3010db0045e1306bbdf889d1bdaee9bb095856c317716f0a74108cf4afe9",
                "sha256:468d7d8dcbafc3fd40cc73e4a533a7a1d4f935f605c15ae6cac32c6d53c4c6aa",
                "sha256:489d495431c80dc0048c4551a0d6cdbf1209e2d274f47c3f72415c91842eeb68",
                "sha256:49ce8521b0cdf210481bd89887fd1bd0a975f66088b1256dafc77c67c8ccb89d",
                "sha256:4d1ed3897e45477b2a4a1371186df299b13938d4d44d850953a4bb0ea4cb38f3",
                "sha256:54ee7c46615b42f7ae9dca90f54d204a4d2041a4c926b08fffa953aa3a246e54",
                "sha256:584c558c23ddc21f5b07d2c54ee527731bd9716101c27829023ab7f3ffbaa8fc",
                "sha256:6227597d0201ceadc902d1a8edaffaeb244050b197368ed25e6f6be0df170a6f",
                "sha256:6677bee8690c71f5e6cf519a6d8400f04fbd3ff9f6c50f35f1b664bc94546f84",
                "sha256:6b455a62bd20e890b2124a65df45313b4292dbea851ef38574e5e2de94691ad5",
                "sha256:6c5bbe6de6c9a5fe8dca56e36fb5c4a42e1a01d4aae1ac20cd8d7d82ccff9430",
                "sha256:729af63e4de30c54b527b54b4100266f79833c1e8ba35e784f01b44c2aca88d8",
                "sha256:754e9da96a24535ae5ab2a52e1d1dfc65a6a717c14063855b83f327fdf2173ea",
                "sha256:75a886bd89d8e5a004a39a6c5dc8a43bb7fcf05129d2dccd16a59602a612823a",
                "sha256:8c3f7578a62d9255650ef32e78d3345e98262e064c9ba3f205311b4c9eb507a6",
                "sha256:90de04391916c5adc7bbcc69bd778e263ed45cc83c070099cb07ed25068d6a12",
                "sha256:940f35e9a0969440621445dbb6adffaa2cea77d0262abc74fce78704120c4534",
                "sha256:9acc874128baddeff908736db251597e4cbd007a384730377a59a61b08886599",
                "sha256:a1a55b3310632661a03ce68ccfb92264031aea21626d6fa5c8f6c32e769be7b6",
                "sha256:a3c6798035b574ceba747de83f3223a622622b7ab77a24f8b4fbea2cb92f14b0",
                "sha256:a5e374e793b0a3c7df20ee4c8234e89859ddb2b2821cc3300ae94ab5b08fa6d0",
                "sha256:a6f3ad3b11578bc4e25d5bd256c938fe2c7c015d8f504bc7835f127ed26a0818",
                "sha256:b3671e1dfc49a4b4453d89fd7438aa9d7cca28afe329c70eba84e2a5778dbf3f",
                "sha256:b5fcbaabf3d115cb816eb165f3fa5de5c5bc795473a554ae55620d134ddf2d36",
                "sha256:bc1a619bad9894dad144184b735c98179c7d92d7b40fbda28eb8b0857bdfdf52",
                "sha256:be909514a47b6272e34cd1213feee324ca35a354e07f1ae3aba12d3694a5279f",
                "sha256:c519743a53bbe8aac6b743bcf50eb83057d1e0341e1ca8f8491f729a885af640",
                "sha256:c549d5a7652c3a0dd00ef6ff910fb01878bc116c66c94ac455a55cffa32cc229",
                "sha256:d1e5c635b7c3465ab8d2e3dc97c341ef1801c53a378f1d1d4cb934f6c90ec66c",
                "sha256:d2357ce7d93eadd29b6efbe72228809948cc59ec6682c20fa6de08aeef1703f8",
                "sha256:d38c2a58c892c680080b22b59eebd77b7c6f4ae24361111fba115f9ed3651dcf",
                "sha256:d57a87bbc77d66b8a2b74bab66357c3bb6194f5d248f1053fb8044787abde73f",
                "sha256:d9b1c3d2b22c040a81ff4e5927ce307919f7ac8bf888afded714d925edc8d0a4",
                "sha256:dc5fd1d5b48edd3cc64e89ea94abe231509fdc938bdeafafe9aef3a05810159f",
                "sha256:dc71ead5706e81fdf1054c8c11e4aaab43527da450a2701213c20717852d1a51",
                "sha256:e53388fb092197cb8f956673792aca994872917d897ca42a0abf7a35e293575a",
                "sha256:e991b7b3a08ac9e9d3a51589ef1c359c8d44ece730351cfac055684bf3787372",
                "sha256:ed78a5b169ece75a1e1368935ce6ab051dcbcd5c158b9796b2f1fa6cc467a651",
                "sha256:ef868bf01851869a26c0ca5f88036903836c3a6b463c74d96b37f294f6bdeea4",
                "sha256:fb4555df1fe018806ba14cc38786269c8e213930103c6d0ac81e506d09d1de7e"
            ],
            "index": "pypi",
            "version": "==5.2.0"
        },
        "urllib3": {
            "hashes": [
                "sha256:44ece4d53fb1706f667c9bd1c648f5469a2ec925fcf3a776667042d645472c14",
                "sha256:aabaf16477806a5e1dd19aa41f8c2b7950dd3c746362d7e3223dbe6de6ac448e"
            ],
            "markers": "python_version >= '2.7' and python_version not in '3.0, 3.1, 3.2, 3.3, 3.4' and python_version < '4'",
            "version": "==1.26.9"
        },
        "v20": {
            "hashes": [
                "sha256:fbf18f76970489e4b5c3786f18890fa11df67af8abccc0eaf8eee26af82b94f2"
            ],
            "index": "pypi",
            "version": "==3.0.25.0"
        }
    },
    "develop": {}
}
